PODS:
  - ActivityIndicatorView (1.0.0)

DEPENDENCIES:
  - ActivityIndicatorView (from `../`)

EXTERNAL SOURCES:
  ActivityIndicatorView:
    :path: "../"

SPEC CHECKSUMS:
  ActivityIndicatorView: a9f6fc491aa8a7b351ea899fab0570b8288ba5b4

PODFILE CHECKSUM: 54898b444f2a064d09ec9574815fb481a733ffec

COCOAPODS: 1.11.2
