PODS:
  - ActivityIndicatorView (0.0.6)

DEPENDENCIES:
  - ActivityIndicatorView (from `../`)

EXTERNAL SOURCES:
  ActivityIndicatorView:
    :path: "../"

SPEC CHECKSUMS:
  ActivityIndicatorView: f7c08841e302c86d16c29b7c9554fce2a2bd9183

PODFILE CHECKSUM: 54898b444f2a064d09ec9574815fb481a733ffec

COCOAPODS: 1.10.1
